
Microsoft Visual Studio Solution File, Format Version 12.00
# Visual Studio Version 17
VisualStudioVersion = 17.0.32014.148
MinimumVisualStudioVersion = 10.0.40219.1
Project("{8BC9CEB8-8B4A-11D0-8D11-00A0C91BC942}") = "GoTo", "GoTo\GoTo.vcxproj", "{78C1BBAC-7B5A-4A0B-9196-0AF2745EC559}"
EndProject
Global
	GlobalSection(SolutionConfigurationPlatforms) = preSolution
		Debug|x64 = Debug|x64
		Debug|x86 = Debug|x86
		Release|x64 = Release|x64
		Release|x86 = Release|x86
	EndGlobalSection
	GlobalSection(ProjectConfigurationPlatforms) = postSolution
		{78C1BBAC-7B5A-4A0B-9196-0AF2745EC559}.Debug|x64.ActiveCfg = Debug|x64
		{78C1BBAC-7B5A-4A0B-9196-0AF2745EC559}.Debug|x64.Build.0 = Debug|x64
		{78C1BBAC-7B5A-4A0B-9196-0AF2745EC559}.Debug|x86.ActiveCfg = Debug|Win32
		{78C1BBAC-7B5A-4A0B-9196-0AF2745EC559}.Debug|x86.Build.0 = Debug|Win32
		{78C1BBAC-7B5A-4A0B-9196-0AF2745EC559}.Release|x64.ActiveCfg = Release|x64
		{78C1BBAC-7B5A-4A0B-9196-0AF2745EC559}.Release|x64.Build.0 = Release|x64
		{78C1BBAC-7B5A-4A0B-9196-0AF2745EC559}.Release|x86.ActiveCfg = Release|Win32
		{78C1BBAC-7B5A-4A0B-9196-0AF2745EC559}.Release|x86.Build.0 = Release|Win32
	EndGlobalSection
	GlobalSection(SolutionProperties) = preSolution
		HideSolutionNode = FALSE
	EndGlobalSection
	GlobalSection(ExtensibilityGlobals) = postSolution
		SolutionGuid = {25C2E2A0-5156-405E-9841-E96E89E6F806}
	EndGlobalSection
EndGlobal
